
Microsoft Visual Studio Solution File, Format Version 12.00
# Visual Studio Version 17
VisualStudioVersion = 17.0.32112.339
MinimumVisualStudioVersion = 10.0.40219.1
Project("{FAE04EC0-301F-11D3-BF4B-00C04F79EFBC}") = "EquipmentService", "EquipmentService\EquipmentService.csproj", "{F9213F19-6A7F-4463-BBF1-E996A4DC1007}"
EndProject
Project("{FAE04EC0-301F-11D3-BF4B-00C04F79EFBC}") = "EquipmentService.BLL", "EquipmentService.BLL\EquipmentService.BLL.csproj", "{3CB366D8-5483-42E1-89B6-C158CF2F7988}"
EndProject
Project("{FAE04EC0-301F-11D3-BF4B-00C04F79EFBC}") = "EquipmentService.DAL", "EquipmentService.DAL\EquipmentService.DAL.csproj", "{7A822270-1DD8-4A0F-A97F-BEB49439129D}"
EndProject
Global
	GlobalSection(SolutionConfigurationPlatforms) = preSolution
		Debug|Any CPU = Debug|Any CPU
		Release|Any CPU = Release|Any CPU
	EndGlobalSection
	GlobalSection(ProjectConfigurationPlatforms) = postSolution
		{F9213F19-6A7F-4463-BBF1-E996A4DC1007}.Debug|Any CPU.ActiveCfg = Debug|Any CPU
		{F9213F19-6A7F-4463-BBF1-E996A4DC1007}.Debug|Any CPU.Build.0 = Debug|Any CPU
		{F9213F19-6A7F-4463-BBF1-E996A4DC1007}.Release|Any CPU.ActiveCfg = Release|Any CPU
		{F9213F19-6A7F-4463-BBF1-E996A4DC1007}.Release|Any CPU.Build.0 = Release|Any CPU
		{3CB366D8-5483-42E1-89B6-C158CF2F7988}.Debug|Any CPU.ActiveCfg = Debug|Any CPU
		{3CB366D8-5483-42E1-89B6-C158CF2F7988}.Debug|Any CPU.Build.0 = Debug|Any CPU
		{3CB366D8-5483-42E1-89B6-C158CF2F7988}.Release|Any CPU.ActiveCfg = Release|Any CPU
		{3CB366D8-5483-42E1-89B6-C158CF2F7988}.Release|Any CPU.Build.0 = Release|Any CPU
		{7A822270-1DD8-4A0F-A97F-BEB49439129D}.Debug|Any CPU.ActiveCfg = Debug|Any CPU
		{7A822270-1DD8-4A0F-A97F-BEB49439129D}.Debug|Any CPU.Build.0 = Debug|Any CPU
		{7A822270-1DD8-4A0F-A97F-BEB49439129D}.Release|Any CPU.ActiveCfg = Release|Any CPU
		{7A822270-1DD8-4A0F-A97F-BEB49439129D}.Release|Any CPU.Build.0 = Release|Any CPU
	EndGlobalSection
	GlobalSection(SolutionProperties) = preSolution
		HideSolutionNode = FALSE
	EndGlobalSection
	GlobalSection(ExtensibilityGlobals) = postSolution
		SolutionGuid = {037ABD08-5CAC-4DB2-BCB1-B6615A876C45}
	EndGlobalSection
EndGlobal
